
Microsoft Visual Studio Solution File, Format Version 12.00
# Visual Studio Version 16
VisualStudioVersion = 16.0.31624.102
MinimumVisualStudioVersion = 10.0.40219.1
Project("{FAE04EC0-301F-11D3-BF4B-00C04F79EFBC}") = "QR-Code generator", "QR-Code generator.csproj", "{C77B02E9-5F32-47B9-BAFC-628D99C53AE0}"
EndProject
Global
	GlobalSection(SolutionConfigurationPlatforms) = preSolution
		Debug|Any CPU = Debug|Any CPU
		Release|Any CPU = Release|Any CPU
	EndGlobalSection
	GlobalSection(ProjectConfigurationPlatforms) = postSolution
		{C77B02E9-5F32-47B9-BAFC-628D99C53AE0}.Debug|Any CPU.ActiveCfg = Debug|Any CPU
		{C77B02E9-5F32-47B9-BAFC-628D99C53AE0}.Debug|Any CPU.Build.0 = Debug|Any CPU
		{C77B02E9-5F32-47B9-BAFC-628D99C53AE0}.Release|Any CPU.ActiveCfg = Release|Any CPU
		{C77B02E9-5F32-47B9-BAFC-628D99C53AE0}.Release|Any CPU.Build.0 = Release|Any CPU
	EndGlobalSection
	GlobalSection(SolutionProperties) = preSolution
		HideSolutionNode = FALSE
	EndGlobalSection
	GlobalSection(ExtensibilityGlobals) = postSolution
		SolutionGuid = {9B82C0D8-8941-434B-94EC-42D4354120CD}
	EndGlobalSection
EndGlobal
